
Microsoft Visual Studio Solution File, Format Version 12.00
# Visual Studio Version 17
VisualStudioVersion = 17.4.33213.308
MinimumVisualStudioVersion = 10.0.40219.1
Project("{9A19103F-16F7-4668-BE54-9A1E7A4F7556}") = "RazorSwap", "RazorSwap.csproj", "{5EB732E4-AA2A-4DC4-A905-1D042249100F}"
EndProject
Global
	GlobalSection(SolutionConfigurationPlatforms) = preSolution
		Debug|Any CPU = Debug|Any CPU
		Release|Any CPU = Release|Any CPU
	EndGlobalSection
	GlobalSection(ProjectConfigurationPlatforms) = postSolution
		{5EB732E4-AA2A-4DC4-A905-1D042249100F}.Debug|Any CPU.ActiveCfg = Debug|Any CPU
		{5EB732E4-AA2A-4DC4-A905-1D042249100F}.Debug|Any CPU.Build.0 = Debug|Any CPU
		{5EB732E4-AA2A-4DC4-A905-1D042249100F}.Release|Any CPU.ActiveCfg = Release|Any CPU
		{5EB732E4-AA2A-4DC4-A905-1D042249100F}.Release|Any CPU.Build.0 = Release|Any CPU
	EndGlobalSection
	GlobalSection(SolutionProperties) = preSolution
		HideSolutionNode = FALSE
	EndGlobalSection
	GlobalSection(ExtensibilityGlobals) = postSolution
		SolutionGuid = {000D036D-C454-4607-A829-B7FDDC3E32CD}
	EndGlobalSection
EndGlobal
